<Solution>
  <Configurations>
    <Platform Name="x64" />
    <Platform Name="x86" />
  </Configurations>
  <Project Path="102/102.vcxproj" />
  <Project Path="103/103.vcxproj" />
  <Project Path="104/104.vcxproj" />
  <Project Path="105/105.vcxproj" />
  <Project Path="Project1/Project1.vcxproj" />
</Solution>
